
Microsoft Visual Studio Solution File, Format Version 12.00
# Visual Studio Version 17
VisualStudioVersion = 17.7.34031.279
MinimumVisualStudioVersion = 10.0.40219.1
Project("{FAE04EC0-301F-11D3-BF4B-00C04F79EFBC}") = "MICRUD", "MICRUD\MICRUD.csproj", "{3284711D-F333-461D-82A2-C2234F279B81}"
EndProject
Global
	GlobalSection(SolutionConfigurationPlatforms) = preSolution
		Debug|Any CPU = Debug|Any CPU
		Release|Any CPU = Release|Any CPU
	EndGlobalSection
	GlobalSection(ProjectConfigurationPlatforms) = postSolution
		{3284711D-F333-461D-82A2-C2234F279B81}.Debug|Any CPU.ActiveCfg = Debug|Any CPU
		{3284711D-F333-461D-82A2-C2234F279B81}.Debug|Any CPU.Build.0 = Debug|Any CPU
		{3284711D-F333-461D-82A2-C2234F279B81}.Release|Any CPU.ActiveCfg = Release|Any CPU
		{3284711D-F333-461D-82A2-C2234F279B81}.Release|Any CPU.Build.0 = Release|Any CPU
	EndGlobalSection
	GlobalSection(SolutionProperties) = preSolution
		HideSolutionNode = FALSE
	EndGlobalSection
	GlobalSection(ExtensibilityGlobals) = postSolution
		SolutionGuid = {76975912-44F9-419B-9D3D-7CB39B49CE40}
	EndGlobalSection
EndGlobal
